// !$*UTF8*$!
{
	archiveVersion = 1;
	classes = {
	};
	objectVersion = 46;
	objects = {

/* Begin PBXBuildFile section */
		0837B5FB2053C225008D699D /* ViewController.swift in Sources */ = {isa = PBXBuildFile; fileRef = 0837B5FA2053C225008D699D /* ViewController.swift */; };
		0837B5FD2053C249008D699D /* MainViewController.swift in Sources */ = {isa = PBXBuildFile; fileRef = 0837B5FC2053C249008D699D /* MainViewController.swift */; };
		0837B5FF2053C26E008D699D /* MyCustomPageViewController.swift in Sources */ = {isa = PBXBuildFile; fileRef = 0837B5FE2053C26E008D699D /* MyCustomPageViewController.swift */; };
		0837B6012053D6E3008D699D /* ScanNGoViewController.swift in Sources */ = {isa = PBXBuildFile; fileRef = 0837B6002053D6E3008D699D /* ScanNGoViewController.swift */; };
		0837B6032053FA85008D699D /* LoginViewController.swift in Sources */ = {isa = PBXBuildFile; fileRef = 0837B6022053FA85008D699D /* LoginViewController.swift */; };
		0837B6052053FAB0008D699D /* SignUpViewController.swift in Sources */ = {isa = PBXBuildFile; fileRef = 0837B6042053FAB0008D699D /* SignUpViewController.swift */; };
		0837B6072053FC29008D699D /* LaunchScreen.storyboard in Resources */ = {isa = PBXBuildFile; fileRef = 0837B6062053FC29008D699D /* LaunchScreen.storyboard */; };
		0837B60B20542ED5008D699D /* CartItem.swift in Sources */ = {isa = PBXBuildFile; fileRef = 0837B60A20542ED5008D699D /* CartItem.swift */; };
		0837B60D20542FC4008D699D /* GoogleService-Info.plist in Resources */ = {isa = PBXBuildFile; fileRef = 0837B60C20542FC3008D699D /* GoogleService-Info.plist */; };
		0837B60E20543608008D699D /* ListTableViewController.swift in Sources */ = {isa = PBXBuildFile; fileRef = C6EEF9F51CB7E2AD00A3DC6D /* ListTableViewController.swift */; };
		0848102F205A6A40005A1851 /* ProfileViewController.swift in Sources */ = {isa = PBXBuildFile; fileRef = 0837B60820542DFB008D699D /* ProfileViewController.swift */; };
		08481031205A6A82005A1851 /* PaymentViewController.swift in Sources */ = {isa = PBXBuildFile; fileRef = 0848102D205A49EC005A1851 /* PaymentViewController.swift */; };
		084E027A205ADCD6002C8E87 /* OrdersViewController.swift in Sources */ = {isa = PBXBuildFile; fileRef = 084E0279205ADCD6002C8E87 /* OrdersViewController.swift */; };
		08DBC4E3205CEEB3005E1E97 /* CoreData.framework in Frameworks */ = {isa = PBXBuildFile; fileRef = 08DBC4E2205CEEB3005E1E97 /* CoreData.framework */; };
		08DBC4E6205CEEE9005E1E97 /* AKSwiftSlideMenu.xcdatamodeld in Sources */ = {isa = PBXBuildFile; fileRef = 08DBC4E4205CEEE9005E1E97 /* AKSwiftSlideMenu.xcdatamodeld */; };
		08F5A4792057922B00400A6C /* abc.swift in Sources */ = {isa = PBXBuildFile; fileRef = 08F5A4782057922B00400A6C /* abc.swift */; };
		753A55C31BB073E900254F27 /* AppDelegate.swift in Sources */ = {isa = PBXBuildFile; fileRef = 753A55C21BB073E900254F27 /* AppDelegate.swift */; };
		753A55C81BB073E900254F27 /* Main.storyboard in Resources */ = {isa = PBXBuildFile; fileRef = 753A55C61BB073E900254F27 /* Main.storyboard */; };
		753A55CA1BB073E900254F27 /* Images.xcassets in Resources */ = {isa = PBXBuildFile; fileRef = 753A55C91BB073E900254F27 /* Images.xcassets */; };
		753A55E31BB0753B00254F27 /* MenuViewController.swift in Sources */ = {isa = PBXBuildFile; fileRef = 753A55E21BB0753B00254F27 /* MenuViewController.swift */; };
		753A55E51BB0755100254F27 /* BaseViewController.swift in Sources */ = {isa = PBXBuildFile; fileRef = 753A55E41BB0755100254F27 /* BaseViewController.swift */; };
		891FB49F3646B3E58F4C1AC8 /* Pods_AKSwiftSlideMenu.framework in Frameworks */ = {isa = PBXBuildFile; fileRef = FA51E244B98C4BB50108D54A /* Pods_AKSwiftSlideMenu.framework */; };
		C6EEF9F81CB7E4E000A3DC6D /* HomeVC.swift in Sources */ = {isa = PBXBuildFile; fileRef = C6EEF9F71CB7E4E000A3DC6D /* HomeVC.swift */; };
/* End PBXBuildFile section */

/* Begin PBXFileReference section */
		0837B5FA2053C225008D699D /* ViewController.swift */ = {isa = PBXFileReference; lastKnownFileType = sourcecode.swift; path = ViewController.swift; sourceTree = "<group>"; };
		0837B5FC2053C249008D699D /* MainViewController.swift */ = {isa = PBXFileReference; lastKnownFileType = sourcecode.swift; path = MainViewController.swift; sourceTree = "<group>"; };
		0837B5FE2053C26E008D699D /* MyCustomPageViewController.swift */ = {isa = PBXFileReference; lastKnownFileType = sourcecode.swift; path = MyCustomPageViewController.swift; sourceTree = "<group>"; };
		0837B6002053D6E3008D699D /* ScanNGoViewController.swift */ = {isa = PBXFileReference; lastKnownFileType = sourcecode.swift; path = ScanNGoViewController.swift; sourceTree = "<group>"; };
		0837B6022053FA85008D699D /* LoginViewController.swift */ = {isa = PBXFileReference; lastKnownFileType = sourcecode.swift; path = LoginViewController.swift; sourceTree = "<group>"; };
		0837B6042053FAB0008D699D /* SignUpViewController.swift */ = {isa = PBXFileReference; lastKnownFileType = sourcecode.swift; path = SignUpViewController.swift; sourceTree = "<group>"; };
		0837B6062053FC29008D699D /* LaunchScreen.storyboard */ = {isa = PBXFileReference; lastKnownFileType = file.storyboard; path = LaunchScreen.storyboard; sourceTree = "<group>"; };
		0837B60820542DFB008D699D /* ProfileViewController.swift */ = {isa = PBXFileReference; lastKnownFileType = sourcecode.swift; path = ProfileViewController.swift; sourceTree = "<group>"; };
		0837B60A20542ED5008D699D /* CartItem.swift */ = {isa = PBXFileReference; lastKnownFileType = sourcecode.swift; path = CartItem.swift; sourceTree = "<group>"; };
		0837B60C20542FC3008D699D /* GoogleService-Info.plist */ = {isa = PBXFileReference; fileEncoding = 4; lastKnownFileType = text.plist.xml; path = "GoogleService-Info.plist"; sourceTree = "<group>"; };
		0848102D205A49EC005A1851 /* PaymentViewController.swift */ = {isa = PBXFileReference; lastKnownFileType = sourcecode.swift; path = PaymentViewController.swift; sourceTree = "<group>"; };
		084E0279205ADCD6002C8E87 /* OrdersViewController.swift */ = {isa = PBXFileReference; lastKnownFileType = sourcecode.swift; path = OrdersViewController.swift; sourceTree = "<group>"; };
		08DBC4E2205CEEB3005E1E97 /* CoreData.framework */ = {isa = PBXFileReference; lastKnownFileType = wrapper.framework; name = CoreData.framework; path = System/Library/Frameworks/CoreData.framework; sourceTree = SDKROOT; };
		08DBC4E5205CEEE9005E1E97 /* AKSwiftSlideMenu.xcdatamodel */ = {isa = PBXFileReference; lastKnownFileType = wrapper.xcdatamodel; path = AKSwiftSlideMenu.xcdatamodel; sourceTree = "<group>"; };
		08F5A4782057922B00400A6C /* abc.swift */ = {isa = PBXFileReference; lastKnownFileType = sourcecode.swift; path = abc.swift; sourceTree = "<group>"; };
		16E1A1D021124B9917F3FFC5 /* Pods-AKSwiftSlideMenu.release.xcconfig */ = {isa = PBXFileReference; includeInIndex = 1; lastKnownFileType = text.xcconfig; name = "Pods-AKSwiftSlideMenu.release.xcconfig"; path = "Pods/Target Support Files/Pods-AKSwiftSlideMenu/Pods-AKSwiftSlideMenu.release.xcconfig"; sourceTree = "<group>"; };
		753A55BD1BB073E900254F27 /* AKSwiftSlideMenu.app */ = {isa = PBXFileReference; explicitFileType = wrapper.application; includeInIndex = 0; path = AKSwiftSlideMenu.app; sourceTree = BUILT_PRODUCTS_DIR; };
		753A55C11BB073E900254F27 /* Info.plist */ = {isa = PBXFileReference; lastKnownFileType = text.plist.xml; path = Info.plist; sourceTree = "<group>"; };
		753A55C21BB073E900254F27 /* AppDelegate.swift */ = {isa = PBXFileReference; lastKnownFileType = sourcecode.swift; path = AppDelegate.swift; sourceTree = "<group>"; };
		753A55C71BB073E900254F27 /* Base */ = {isa = PBXFileReference; lastKnownFileType = file.storyboard; name = Base; path = Base.lproj/Main.storyboard; sourceTree = "<group>"; };
		753A55C91BB073E900254F27 /* Images.xcassets */ = {isa = PBXFileReference; lastKnownFileType = folder.assetcatalog; path = Images.xcassets; sourceTree = "<group>"; };
		753A55E21BB0753B00254F27 /* MenuViewController.swift */ = {isa = PBXFileReference; fileEncoding = 4; lastKnownFileType = sourcecode.swift; path = MenuViewController.swift; sourceTree = "<group>"; };
		753A55E41BB0755100254F27 /* BaseViewController.swift */ = {isa = PBXFileReference; fileEncoding = 4; lastKnownFileType = sourcecode.swift; path = BaseViewController.swift; sourceTree = "<group>"; };
		BDACDA6AC37A646B96983C56 /* Pods-AKSwiftSlideMenu.debug.xcconfig */ = {isa = PBXFileReference; includeInIndex = 1; lastKnownFileType = text.xcconfig; name = "Pods-AKSwiftSlideMenu.debug.xcconfig"; path = "Pods/Target Support Files/Pods-AKSwiftSlideMenu/Pods-AKSwiftSlideMenu.debug.xcconfig"; sourceTree = "<group>"; };
		C6EEF9F51CB7E2AD00A3DC6D /* ListTableViewController.swift */ = {isa = PBXFileReference; fileEncoding = 4; lastKnownFileType = sourcecode.swift; path = ListTableViewController.swift; sourceTree = "<group>"; };
		C6EEF9F71CB7E4E000A3DC6D /* HomeVC.swift */ = {isa = PBXFileReference; fileEncoding = 4; lastKnownFileType = sourcecode.swift; path = HomeVC.swift; sourceTree = "<group>"; };
		FA51E244B98C4BB50108D54A /* Pods_AKSwiftSlideMenu.framework */ = {isa = PBXFileReference; explicitFileType = wrapper.framework; includeInIndex = 0; path = Pods_AKSwiftSlideMenu.framework; sourceTree = BUILT_PRODUCTS_DIR; };
/* End PBXFileReference section */

/* Begin PBXFrameworksBuildPhase section */
		753A55BA1BB073E900254F27 /* Frameworks */ = {
			isa = PBXFrameworksBuildPhase;
			buildActionMask = 2147483647;
			files = (
				08DBC4E3205CEEB3005E1E97 /* CoreData.framework in Frameworks */,
				891FB49F3646B3E58F4C1AC8 /* Pods_AKSwiftSlideMenu.framework in Frameworks */,
			);
			runOnlyForDeploymentPostprocessing = 0;
		};
/* End PBXFrameworksBuildPhase section */

/* Begin PBXGroup section */
		55991DF5D50019A2F81483F9 /* Frameworks */ = {
			isa = PBXGroup;
			children = (
				08DBC4E2205CEEB3005E1E97 /* CoreData.framework */,
				FA51E244B98C4BB50108D54A /* Pods_AKSwiftSlideMenu.framework */,
			);
			name = Frameworks;
			sourceTree = "<group>";
		};
		753A55B41BB073E900254F27 = {
			isa = PBXGroup;
			children = (
				753A55BF1BB073E900254F27 /* AKSwiftSlideMenu */,
				753A55BE1BB073E900254F27 /* Products */,
				C66048D32704ABE3769C6D2E /* Pods */,
				55991DF5D50019A2F81483F9 /* Frameworks */,
			);
			sourceTree = "<group>";
		};
		753A55BE1BB073E900254F27 /* Products */ = {
			isa = PBXGroup;
			children = (
				753A55BD1BB073E900254F27 /* AKSwiftSlideMenu.app */,
			);
			name = Products;
			sourceTree = "<group>";
		};
		753A55BF1BB073E900254F27 /* AKSwiftSlideMenu */ = {
			isa = PBXGroup;
			children = (
				753A55C21BB073E900254F27 /* AppDelegate.swift */,
				C6EEF9F71CB7E4E000A3DC6D /* HomeVC.swift */,
				753A55E41BB0755100254F27 /* BaseViewController.swift */,
				753A55E21BB0753B00254F27 /* MenuViewController.swift */,
				C6EEF9F51CB7E2AD00A3DC6D /* ListTableViewController.swift */,
				753A55C61BB073E900254F27 /* Main.storyboard */,
				753A55C91BB073E900254F27 /* Images.xcassets */,
				0837B60C20542FC3008D699D /* GoogleService-Info.plist */,
				753A55C01BB073E900254F27 /* Supporting Files */,
				0837B5FA2053C225008D699D /* ViewController.swift */,
				0837B5FC2053C249008D699D /* MainViewController.swift */,
				0837B5FE2053C26E008D699D /* MyCustomPageViewController.swift */,
				0837B6002053D6E3008D699D /* ScanNGoViewController.swift */,
				0837B6022053FA85008D699D /* LoginViewController.swift */,
				0837B6042053FAB0008D699D /* SignUpViewController.swift */,
				0837B6062053FC29008D699D /* LaunchScreen.storyboard */,
				0837B60820542DFB008D699D /* ProfileViewController.swift */,
				0837B60A20542ED5008D699D /* CartItem.swift */,
				08F5A4782057922B00400A6C /* abc.swift */,
				0848102D205A49EC005A1851 /* PaymentViewController.swift */,
				084E0279205ADCD6002C8E87 /* OrdersViewController.swift */,
				08DBC4E4205CEEE9005E1E97 /* AKSwiftSlideMenu.xcdatamodeld */,
			);
			path = AKSwiftSlideMenu;
			sourceTree = "<group>";
		};
		753A55C01BB073E900254F27 /* Supporting Files */ = {
			isa = PBXGroup;
			children = (
				753A55C11BB073E900254F27 /* Info.plist */,
			);
			name = "Supporting Files";
			sourceTree = "<group>";
		};
		C66048D32704ABE3769C6D2E /* Pods */ = {
			isa = PBXGroup;
			children = (
				BDACDA6AC37A646B96983C56 /* Pods-AKSwiftSlideMenu.debug.xcconfig */,
				16E1A1D021124B9917F3FFC5 /* Pods-AKSwiftSlideMenu.release.xcconfig */,
			);
			name = Pods;
			sourceTree = "<group>";
		};
/* End PBXGroup section */

/* Begin PBXNativeTarget section */
		753A55BC1BB073E900254F27 /* AKSwiftSlideMenu */ = {
			isa = PBXNativeTarget;
			buildConfigurationList = 753A55DC1BB073E900254F27 /* Build configuration list for PBXNativeTarget "AKSwiftSlideMenu" */;
			buildPhases = (
				53D4F5257B8828E2E7ABC6A1 /* [CP] Check Pods Manifest.lock */,
				753A55B91BB073E900254F27 /* Sources */,
				753A55BA1BB073E900254F27 /* Frameworks */,
				753A55BB1BB073E900254F27 /* Resources */,
				E1DB0050A549F920E8C9A1BB /* [CP] Embed Pods Frameworks */,
				D41B207424B832703C49C681 /* [CP] Copy Pods Resources */,
			);
			buildRules = (
			);
			dependencies = (
			);
			name = AKSwiftSlideMenu;
			productName = AKSwiftSlideMenu;
			productReference = 753A55BD1BB073E900254F27 /* AKSwiftSlideMenu.app */;
			productType = "com.apple.product-type.application";
		};
/* End PBXNativeTarget section */

/* Begin PBXProject section */
		753A55B51BB073E900254F27 /* Project object */ = {
			isa = PBXProject;
			attributes = {
				LastSwiftMigration = 0700;
				LastSwiftUpdateCheck = 0700;
				LastUpgradeCheck = 0930;
				ORGANIZATIONNAME = Kode;
				TargetAttributes = {
					753A55BC1BB073E900254F27 = {
						CreatedOnToolsVersion = 6.4;
						DevelopmentTeam = 5NRG7ZCWW3;
						LastSwiftMigration = 0900;
					};
				};
			};
			buildConfigurationList = 753A55B81BB073E900254F27 /* Build configuration list for PBXProject "AKSwiftSlideMenu" */;
			compatibilityVersion = "Xcode 3.2";
			developmentRegion = English;
			hasScannedForEncodings = 0;
			knownRegions = (
				en,
				Base,
			);
			mainGroup = 753A55B41BB073E900254F27;
			productRefGroup = 753A55BE1BB073E900254F27 /* Products */;
			projectDirPath = "";
			projectRoot = "";
			targets = (
				753A55BC1BB073E900254F27 /* AKSwiftSlideMenu */,
			);
		};
/* End PBXProject section */

/* Begin PBXResourcesBuildPhase section */
		753A55BB1BB073E900254F27 /* Resources */ = {
			isa = PBXResourcesBuildPhase;
			buildActionMask = 2147483647;
			files = (
				0837B6072053FC29008D699D /* LaunchScreen.storyboard in Resources */,
				753A55C81BB073E900254F27 /* Main.storyboard in Resources */,
				753A55CA1BB073E900254F27 /* Images.xcassets in Resources */,
				0837B60D20542FC4008D699D /* GoogleService-Info.plist in Resources */,
			);
			runOnlyForDeploymentPostprocessing = 0;
		};
/* End PBXResourcesBuildPhase section */

/* Begin PBXShellScriptBuildPhase section */
		53D4F5257B8828E2E7ABC6A1 /* [CP] Check Pods Manifest.lock */ = {
			isa = PBXShellScriptBuildPhase;
			buildActionMask = 2147483647;
			files = (
			);
			inputPaths = (
				"${PODS_PODFILE_DIR_PATH}/Podfile.lock",
				"${PODS_ROOT}/Manifest.lock",
			);
			name = "[CP] Check Pods Manifest.lock";
			outputPaths = (
				"$(DERIVED_FILE_DIR)/Pods-AKSwiftSlideMenu-checkManifestLockResult.txt",
			);
			runOnlyForDeploymentPostprocessing = 0;
			shellPath = /bin/sh;
			shellScript = "diff \"${PODS_PODFILE_DIR_PATH}/Podfile.lock\" \"${PODS_ROOT}/Manifest.lock\" > /dev/null\nif [ $? != 0 ] ; then\n    # print error to STDERR\n    echo \"error: The sandbox is not in sync with the Podfile.lock. Run 'pod install' or update your CocoaPods installation.\" >&2\n    exit 1\nfi\n# This output is used by Xcode 'outputs' to avoid re-running this script phase.\necho \"SUCCESS\" > \"${SCRIPT_OUTPUT_FILE_0}\"\n";
			showEnvVarsInLog = 0;
		};
		D41B207424B832703C49C681 /* [CP] Copy Pods Resources */ = {
			isa = PBXShellScriptBuildPhase;
			buildActionMask = 2147483647;
			files = (
			);
			inputPaths = (
			);
			name = "[CP] Copy Pods Resources";
			outputPaths = (
			);
			runOnlyForDeploymentPostprocessing = 0;
			shellPath = /bin/sh;
			shellScript = "\"${SRCROOT}/Pods/Target Support Files/Pods-AKSwiftSlideMenu/Pods-AKSwiftSlideMenu-resources.sh\"\n";
			showEnvVarsInLog = 0;
		};
		E1DB0050A549F920E8C9A1BB /* [CP] Embed Pods Frameworks */ = {
			isa = PBXShellScriptBuildPhase;
			buildActionMask = 2147483647;
			files = (
			);
			inputPaths = (
				"${SRCROOT}/Pods/Target Support Files/Pods-AKSwiftSlideMenu/Pods-AKSwiftSlideMenu-frameworks.sh",
				"${BUILT_PRODUCTS_DIR}/BWWalkthrough/BWWalkthrough.framework",
				"${BUILT_PRODUCTS_DIR}/ChameleonFramework/ChameleonFramework.framework",
				"${BUILT_PRODUCTS_DIR}/GTMSessionFetcher/GTMSessionFetcher.framework",
				"${BUILT_PRODUCTS_DIR}/GoogleToolboxForMac/GoogleToolboxForMac.framework",
				"${BUILT_PRODUCTS_DIR}/leveldb-library/leveldb.framework",
				"${BUILT_PRODUCTS_DIR}/nanopb/nanopb.framework",
			);
			name = "[CP] Embed Pods Frameworks";
			outputPaths = (
				"${TARGET_BUILD_DIR}/${FRAMEWORKS_FOLDER_PATH}/BWWalkthrough.framework",
				"${TARGET_BUILD_DIR}/${FRAMEWORKS_FOLDER_PATH}/ChameleonFramework.framework",
				"${TARGET_BUILD_DIR}/${FRAMEWORKS_FOLDER_PATH}/GTMSessionFetcher.framework",
				"${TARGET_BUILD_DIR}/${FRAMEWORKS_FOLDER_PATH}/GoogleToolboxForMac.framework",
				"${TARGET_BUILD_DIR}/${FRAMEWORKS_FOLDER_PATH}/leveldb.framework",
				"${TARGET_BUILD_DIR}/${FRAMEWORKS_FOLDER_PATH}/nanopb.framework",
			);
			runOnlyForDeploymentPostprocessing = 0;
			shellPath = /bin/sh;
			shellScript = "\"${SRCROOT}/Pods/Target Support Files/Pods-AKSwiftSlideMenu/Pods-AKSwiftSlideMenu-frameworks.sh\"\n";
			showEnvVarsInLog = 0;
		};
/* End PBXShellScriptBuildPhase section */

/* Begin PBXSourcesBuildPhase section */
		753A55B91BB073E900254F27 /* Sources */ = {
			isa = PBXSourcesBuildPhase;
			buildActionMask = 2147483647;
			files = (
				08481031205A6A82005A1851 /* PaymentViewController.swift in Sources */,
				0848102F205A6A40005A1851 /* ProfileViewController.swift in Sources */,
				08F5A4792057922B00400A6C /* abc.swift in Sources */,
				084E027A205ADCD6002C8E87 /* OrdersViewController.swift in Sources */,
				0837B60E20543608008D699D /* ListTableViewController.swift in Sources */,
				0837B6052053FAB0008D699D /* SignUpViewController.swift in Sources */,
				0837B5FF2053C26E008D699D /* MyCustomPageViewController.swift in Sources */,
				0837B5FD2053C249008D699D /* MainViewController.swift in Sources */,
				08DBC4E6205CEEE9005E1E97 /* AKSwiftSlideMenu.xcdatamodeld in Sources */,
				0837B5FB2053C225008D699D /* ViewController.swift in Sources */,
				753A55E51BB0755100254F27 /* BaseViewController.swift in Sources */,
				C6EEF9F81CB7E4E000A3DC6D /* HomeVC.swift in Sources */,
				0837B6012053D6E3008D699D /* ScanNGoViewController.swift in Sources */,
				753A55E31BB0753B00254F27 /* MenuViewController.swift in Sources */,
				0837B6032053FA85008D699D /* LoginViewController.swift in Sources */,
				0837B60B20542ED5008D699D /* CartItem.swift in Sources */,
				753A55C31BB073E900254F27 /* AppDelegate.swift in Sources */,
			);
			runOnlyForDeploymentPostprocessing = 0;
		};
/* End PBXSourcesBuildPhase section */

/* Begin PBXVariantGroup section */
		753A55C61BB073E900254F27 /* Main.storyboard */ = {
			isa = PBXVariantGroup;
			children = (
				753A55C71BB073E900254F27 /* Base */,
			);
			name = Main.storyboard;
			sourceTree = "<group>";
		};
/* End PBXVariantGroup section */

/* Begin XCBuildConfiguration section */
		753A55DA1BB073E900254F27 /* Debug */ = {
			isa = XCBuildConfiguration;
			buildSettings = {
				ALWAYS_SEARCH_USER_PATHS = NO;
				CLANG_CXX_LANGUAGE_STANDARD = "gnu++0x";
				CLANG_CXX_LIBRARY = "libc++";
				CLANG_ENABLE_MODULES = YES;
				CLANG_ENABLE_OBJC_ARC = YES;
				CLANG_WARN_BLOCK_CAPTURE_AUTORELEASING = YES;
				CLANG_WARN_BOOL_CONVERSION = YES;
				CLANG_WARN_COMMA = YES;
				CLANG_WARN_CONSTANT_CONVERSION = YES;
				CLANG_WARN_DEPRECATED_OBJC_IMPLEMENTATIONS = YES;
				CLANG_WARN_DIRECT_OBJC_ISA_USAGE = YES_ERROR;
				CLANG_WARN_EMPTY_BODY = YES;
				CLANG_WARN_ENUM_CONVERSION = YES;
				CLANG_WARN_INFINITE_RECURSION = YES;
				CLANG_WARN_INT_CONVERSION = YES;
				CLANG_WARN_NON_LITERAL_NULL_CONVERSION = YES;
				CLANG_WARN_OBJC_IMPLICIT_RETAIN_SELF = YES;
				CLANG_WARN_OBJC_LITERAL_CONVERSION = YES;
				CLANG_WARN_OBJC_ROOT_CLASS = YES_ERROR;
				CLANG_WARN_RANGE_LOOP_ANALYSIS = YES;
				CLANG_WARN_STRICT_PROTOTYPES = YES;
				CLANG_WARN_SUSPICIOUS_MOVE = YES;
				CLANG_WARN_UNREACHABLE_CODE = YES;
				CLANG_WARN__DUPLICATE_METHOD_MATCH = YES;
				"CODE_SIGN_IDENTITY[sdk=iphoneos*]" = "iPhone Developer";
				COPY_PHASE_STRIP = NO;
				DEBUG_INFORMATION_FORMAT = "dwarf-with-dsym";
				ENABLE_STRICT_OBJC_MSGSEND = YES;
				ENABLE_TESTABILITY = YES;
				GCC_C_LANGUAGE_STANDARD = gnu99;
				GCC_DYNAMIC_NO_PIC = NO;
				GCC_NO_COMMON_BLOCKS = YES;
				GCC_OPTIMIZATION_LEVEL = 0;
				GCC_PREPROCESSOR_DEFINITIONS = (
					"DEBUG=1",
					"$(inherited)",
				);
				GCC_SYMBOLS_PRIVATE_EXTERN = NO;
				GCC_WARN_64_TO_32_BIT_CONVERSION = YES;
				GCC_WARN_ABOUT_RETURN_TYPE = YES_ERROR;
				GCC_WARN_UNDECLARED_SELECTOR = YES;
				GCC_WARN_UNINITIALIZED_AUTOS = YES_AGGRESSIVE;
				GCC_WARN_UNUSED_FUNCTION = YES;
				GCC_WARN_UNUSED_VARIABLE = YES;
				IPHONEOS_DEPLOYMENT_TARGET = 10.0;
				MTL_ENABLE_DEBUG_INFO = YES;
				ONLY_ACTIVE_ARCH = YES;
				SDKROOT = iphoneos;
				SWIFT_OPTIMIZATION_LEVEL = "-Onone";
				SWIFT_SWIFT3_OBJC_INFERENCE = Off;
			};
			name = Debug;
		};
		753A55DB1BB073E900254F27 /* Release */ = {
			isa = XCBuildConfiguration;
			buildSettings = {
				ALWAYS_SEARCH_USER_PATHS = NO;
				CLANG_CXX_LANGUAGE_STANDARD = "gnu++0x";
				CLANG_CXX_LIBRARY = "libc++";
				CLANG_ENABLE_MODULES = YES;
				CLANG_ENABLE_OBJC_ARC = YES;
				CLANG_WARN_BLOCK_CAPTURE_AUTORELEASING = YES;
				CLANG_WARN_BOOL_CONVERSION = YES;
				CLANG_WARN_COMMA = YES;
				CLANG_WARN_CONSTANT_CONVERSION = YES;
				CLANG_WARN_DEPRECATED_OBJC_IMPLEMENTATIONS = YES;
				CLANG_WARN_DIRECT_OBJC_ISA_USAGE = YES_ERROR;
				CLANG_WARN_EMPTY_BODY = YES;
				CLANG_WARN_ENUM_CONVERSION = YES;
				CLANG_WARN_INFINITE_RECURSION = YES;
				CLANG_WARN_INT_CONVERSION = YES;
				CLANG_WARN_NON_LITERAL_NULL_CONVERSION = YES;
				CLANG_WARN_OBJC_IMPLICIT_RETAIN_SELF = YES;
				CLANG_WARN_OBJC_LITERAL_CONVERSION = YES;
				CLANG_WARN_OBJC_ROOT_CLASS = YES_ERROR;
				CLANG_WARN_RANGE_LOOP_ANALYSIS = YES;
				CLANG_WARN_STRICT_PROTOTYPES = YES;
				CLANG_WARN_SUSPICIOUS_MOVE = YES;
				CLANG_WARN_UNREACHABLE_CODE = YES;
				CLANG_WARN__DUPLICATE_METHOD_MATCH = YES;
				"CODE_SIGN_IDENTITY[sdk=iphoneos*]" = "iPhone Developer";
				COPY_PHASE_STRIP = NO;
				DEBUG_INFORMATION_FORMAT = "dwarf-with-dsym";
				ENABLE_NS_ASSERTIONS = NO;
				ENABLE_STRICT_OBJC_MSGSEND = YES;
				GCC_C_LANGUAGE_STANDARD = gnu99;
				GCC_NO_COMMON_BLOCKS = YES;
				GCC_WARN_64_TO_32_BIT_CONVERSION = YES;
				GCC_WARN_ABOUT_RETURN_TYPE = YES_ERROR;
				GCC_WARN_UNDECLARED_SELECTOR = YES;
				GCC_WARN_UNINITIALIZED_AUTOS = YES_AGGRESSIVE;
				GCC_WARN_UNUSED_FUNCTION = YES;
				GCC_WARN_UNUSED_VARIABLE = YES;
				IPHONEOS_DEPLOYMENT_TARGET = 10.0;
				MTL_ENABLE_DEBUG_INFO = NO;
				SDKROOT = iphoneos;
				SWIFT_SWIFT3_OBJC_INFERENCE = Off;
				VALIDATE_PRODUCT = YES;
			};
			name = Release;
		};
		753A55DD1BB073E900254F27 /* Debug */ = {
			isa = XCBuildConfiguration;
			baseConfigurationReference = BDACDA6AC37A646B96983C56 /* Pods-AKSwiftSlideMenu.debug.xcconfig */;
			buildSettings = {
				ASSETCATALOG_COMPILER_APPICON_NAME = AppIcon;
				DEVELOPMENT_TEAM = 5NRG7ZCWW3;
				INFOPLIST_FILE = AKSwiftSlideMenu/Info.plist;
				IPHONEOS_DEPLOYMENT_TARGET = 11.2;
				LD_RUNPATH_SEARCH_PATHS = "$(inherited) @executable_path/Frameworks";
				PRODUCT_BUNDLE_IDENTIFIER = com.sarthak;
				PRODUCT_NAME = "$(TARGET_NAME)";
				SWIFT_SWIFT3_OBJC_INFERENCE = Off;
				SWIFT_VERSION = 4.0;
			};
			name = Debug;
		};
		753A55DE1BB073E900254F27 /* Release */ = {
			isa = XCBuildConfiguration;
			baseConfigurationReference = 16E1A1D021124B9917F3FFC5 /* Pods-AKSwiftSlideMenu.release.xcconfig */;
			buildSettings = {
				ASSETCATALOG_COMPILER_APPICON_NAME = AppIcon;
				DEVELOPMENT_TEAM = 5NRG7ZCWW3;
				INFOPLIST_FILE = AKSwiftSlideMenu/Info.plist;
				IPHONEOS_DEPLOYMENT_TARGET = 11.2;
				LD_RUNPATH_SEARCH_PATHS = "$(inherited) @executable_path/Frameworks";
				PRODUCT_BUNDLE_IDENTIFIER = com.sarthak;
				PRODUCT_NAME = "$(TARGET_NAME)";
				SWIFT_OPTIMIZATION_LEVEL = "-Owholemodule";
				SWIFT_SWIFT3_OBJC_INFERENCE = Off;
				SWIFT_VERSION = 4.0;
			};
			name = Release;
		};
/* End XCBuildConfiguration section */

/* Begin XCConfigurationList section */
		753A55B81BB073E900254F27 /* Build configuration list for PBXProject "AKSwiftSlideMenu" */ = {
			isa = XCConfigurationList;
			buildConfigurations = (
				753A55DA1BB073E900254F27 /* Debug */,
				753A55DB1BB073E900254F27 /* Release */,
			);
			defaultConfigurationIsVisible = 0;
			defaultConfigurationName = Release;
		};
		753A55DC1BB073E900254F27 /* Build configuration list for PBXNativeTarget "AKSwiftSlideMenu" */ = {
			isa = XCConfigurationList;
			buildConfigurations = (
				753A55DD1BB073E900254F27 /* Debug */,
				753A55DE1BB073E900254F27 /* Release */,
			);
			defaultConfigurationIsVisible = 0;
			defaultConfigurationName = Release;
		};
/* End XCConfigurationList section */

/* Begin XCVersionGroup section */
		08DBC4E4205CEEE9005E1E97 /* AKSwiftSlideMenu.xcdatamodeld */ = {
			isa = XCVersionGroup;
			children = (
				08DBC4E5205CEEE9005E1E97 /* AKSwiftSlideMenu.xcdatamodel */,
			);
			currentVersion = 08DBC4E5205CEEE9005E1E97 /* AKSwiftSlideMenu.xcdatamodel */;
			path = AKSwiftSlideMenu.xcdatamodeld;
			sourceTree = "<group>";
			versionGroupType = wrapper.xcdatamodel;
		};
/* End XCVersionGroup section */
	};
	rootObject = 753A55B51BB073E900254F27 /* Project object */;
}
